
Microsoft Visual Studio Solution File, Format Version 12.00
# Visual Studio Version 17
VisualStudioVersion = 17.5.33627.172
MinimumVisualStudioVersion = 10.0.40219.1
Project("{FAE04EC0-301F-11D3-BF4B-00C04F79EFBC}") = "FiguresLib", "FiguresLib\FiguresLib.csproj", "{6BBBB64A-34A6-49B9-9F47-4D292C87F10F}"
EndProject
Project("{FAE04EC0-301F-11D3-BF4B-00C04F79EFBC}") = "TestLib", "TestLib\TestLib.csproj", "{A2100DF3-9F50-417E-92AC-2FFEA2A2A733}"
EndProject
Global
	GlobalSection(SolutionConfigurationPlatforms) = preSolution
		Debug|Any CPU = Debug|Any CPU
		Release|Any CPU = Release|Any CPU
	EndGlobalSection
	GlobalSection(ProjectConfigurationPlatforms) = postSolution
		{6BBBB64A-34A6-49B9-9F47-4D292C87F10F}.Debug|Any CPU.ActiveCfg = Debug|Any CPU
		{6BBBB64A-34A6-49B9-9F47-4D292C87F10F}.Debug|Any CPU.Build.0 = Debug|Any CPU
		{6BBBB64A-34A6-49B9-9F47-4D292C87F10F}.Release|Any CPU.ActiveCfg = Release|Any CPU
		{6BBBB64A-34A6-49B9-9F47-4D292C87F10F}.Release|Any CPU.Build.0 = Release|Any CPU
		{A2100DF3-9F50-417E-92AC-2FFEA2A2A733}.Debug|Any CPU.ActiveCfg = Debug|Any CPU
		{A2100DF3-9F50-417E-92AC-2FFEA2A2A733}.Debug|Any CPU.Build.0 = Debug|Any CPU
		{A2100DF3-9F50-417E-92AC-2FFEA2A2A733}.Release|Any CPU.ActiveCfg = Release|Any CPU
		{A2100DF3-9F50-417E-92AC-2FFEA2A2A733}.Release|Any CPU.Build.0 = Release|Any CPU
	EndGlobalSection
	GlobalSection(SolutionProperties) = preSolution
		HideSolutionNode = FALSE
	EndGlobalSection
	GlobalSection(ExtensibilityGlobals) = postSolution
		SolutionGuid = {6627F36B-5B1C-43FB-A4C3-E8E2FDB70472}
	EndGlobalSection
EndGlobal
